// !$*UTF8*$!
{
	archiveVersion = 1;
	classes = {
	};
	objectVersion = 56;
	objects = {

/* Begin PBXBuildFile section */
		66DA71B7F8F2033AEF325A7D /* Pods_UnsplashAppCopy.framework in Frameworks */ = {isa = PBXBuildFile; fileRef = 2E5071059BA15C3DAE07D935 /* Pods_UnsplashAppCopy.framework */; };
		8EB7C406297C16EC003BE4BF /* PhotoGalleryManager.swift in Sources */ = {isa = PBXBuildFile; fileRef = 8EB7C405297C16EC003BE4BF /* PhotoGalleryManager.swift */; };
		C6BA5EAE29798E9600C25470 /* AppDelegate.swift in Sources */ = {isa = PBXBuildFile; fileRef = C6BA5EAD29798E9600C25470 /* AppDelegate.swift */; };
		C6BA5EB029798E9600C25470 /* SceneDelegate.swift in Sources */ = {isa = PBXBuildFile; fileRef = C6BA5EAF29798E9600C25470 /* SceneDelegate.swift */; };
		C6BA5EB229798E9600C25470 /* TabBarController.swift in Sources */ = {isa = PBXBuildFile; fileRef = C6BA5EB129798E9600C25470 /* TabBarController.swift */; };
		C6BA5EB729798E9700C25470 /* Assets.xcassets in Resources */ = {isa = PBXBuildFile; fileRef = C6BA5EB629798E9700C25470 /* Assets.xcassets */; };
		C6BA5EBA29798E9700C25470 /* LaunchScreen.storyboard in Resources */ = {isa = PBXBuildFile; fileRef = C6BA5EB829798E9700C25470 /* LaunchScreen.storyboard */; };
		C6BA5EC62979ACC500C25470 /* ExploreViewController.swift in Sources */ = {isa = PBXBuildFile; fileRef = C6BA5EC52979ACC500C25470 /* ExploreViewController.swift */; };
		C6BA5EC82979AD0400C25470 /* FavoritesViewController.swift in Sources */ = {isa = PBXBuildFile; fileRef = C6BA5EC72979AD0400C25470 /* FavoritesViewController.swift */; };
		C6BA5ECB2979AD6A00C25470 /* CellForExploreImage.swift in Sources */ = {isa = PBXBuildFile; fileRef = C6BA5ECA2979AD6A00C25470 /* CellForExploreImage.swift */; };
		C6BA5ECE2979AF2400C25470 /* NetworkManager.swift in Sources */ = {isa = PBXBuildFile; fileRef = C6BA5ECD2979AF2400C25470 /* NetworkManager.swift */; };
		C6BA5ED02979AF5C00C25470 /* NetworkEndpoints.swift in Sources */ = {isa = PBXBuildFile; fileRef = C6BA5ECF2979AF5C00C25470 /* NetworkEndpoints.swift */; };
		C6BA5ED22979AF6B00C25470 /* NetworkErrorTypes.swift in Sources */ = {isa = PBXBuildFile; fileRef = C6BA5ED12979AF6B00C25470 /* NetworkErrorTypes.swift */; };
		C6BA5ED4297AD90600C25470 /* UnsplashModel.swift in Sources */ = {isa = PBXBuildFile; fileRef = C6BA5ED3297AD90600C25470 /* UnsplashModel.swift */; };
		C6BA5ED6297ADE3200C25470 /* UserModel.swift in Sources */ = {isa = PBXBuildFile; fileRef = C6BA5ED5297ADE3200C25470 /* UserModel.swift */; };
		C6BA5ED8297AE04800C25470 /* LocationModel.swift in Sources */ = {isa = PBXBuildFile; fileRef = C6BA5ED7297AE04800C25470 /* LocationModel.swift */; };
		C6BA5EDA297AFD2F00C25470 /* DetailImageViewController.swift in Sources */ = {isa = PBXBuildFile; fileRef = C6BA5ED9297AFD2F00C25470 /* DetailImageViewController.swift */; };
		C6BA5EDC297BD77500C25470 /* ImageURLs.swift in Sources */ = {isa = PBXBuildFile; fileRef = C6BA5EDB297BD77500C25470 /* ImageURLs.swift */; };
		C6BA5EDE297BEBB900C25470 /* ProfileImageModel.swift in Sources */ = {isa = PBXBuildFile; fileRef = C6BA5EDD297BEBB900C25470 /* ProfileImageModel.swift */; };
		C6BA5EE0297C4A6200C25470 /* CellForFavoritesViewController.swift in Sources */ = {isa = PBXBuildFile; fileRef = C6BA5EDF297C4A6200C25470 /* CellForFavoritesViewController.swift */; };
		C6F338DC297EC207001E93F3 /* PresentPhotoModel.swift in Sources */ = {isa = PBXBuildFile; fileRef = C6F338DB297EC207001E93F3 /* PresentPhotoModel.swift */; };
/* End PBXBuildFile section */

/* Begin PBXFileReference section */
		2348B28E8EB8310871C35E2E /* Pods-UnsplashAppCopy.release.xcconfig */ = {isa = PBXFileReference; includeInIndex = 1; lastKnownFileType = text.xcconfig; name = "Pods-UnsplashAppCopy.release.xcconfig"; path = "Target Support Files/Pods-UnsplashAppCopy/Pods-UnsplashAppCopy.release.xcconfig"; sourceTree = "<group>"; };
		2E5071059BA15C3DAE07D935 /* Pods_UnsplashAppCopy.framework */ = {isa = PBXFileReference; explicitFileType = wrapper.framework; includeInIndex = 0; path = Pods_UnsplashAppCopy.framework; sourceTree = BUILT_PRODUCTS_DIR; };
		2F7B319F383592AF77598EE0 /* Pods-UnsplashAppCopy.debug.xcconfig */ = {isa = PBXFileReference; includeInIndex = 1; lastKnownFileType = text.xcconfig; name = "Pods-UnsplashAppCopy.debug.xcconfig"; path = "Target Support Files/Pods-UnsplashAppCopy/Pods-UnsplashAppCopy.debug.xcconfig"; sourceTree = "<group>"; };
		8EB7C405297C16EC003BE4BF /* PhotoGalleryManager.swift */ = {isa = PBXFileReference; lastKnownFileType = sourcecode.swift; path = PhotoGalleryManager.swift; sourceTree = "<group>"; };
		C6BA5EAA29798E9600C25470 /* UnsplashAppCopy.app */ = {isa = PBXFileReference; explicitFileType = wrapper.application; includeInIndex = 0; path = UnsplashAppCopy.app; sourceTree = BUILT_PRODUCTS_DIR; };
		C6BA5EAD29798E9600C25470 /* AppDelegate.swift */ = {isa = PBXFileReference; lastKnownFileType = sourcecode.swift; path = AppDelegate.swift; sourceTree = "<group>"; };
		C6BA5EAF29798E9600C25470 /* SceneDelegate.swift */ = {isa = PBXFileReference; lastKnownFileType = sourcecode.swift; path = SceneDelegate.swift; sourceTree = "<group>"; };
		C6BA5EB129798E9600C25470 /* TabBarController.swift */ = {isa = PBXFileReference; lastKnownFileType = sourcecode.swift; path = TabBarController.swift; sourceTree = "<group>"; };
		C6BA5EB629798E9700C25470 /* Assets.xcassets */ = {isa = PBXFileReference; lastKnownFileType = folder.assetcatalog; path = Assets.xcassets; sourceTree = "<group>"; };
		C6BA5EB929798E9700C25470 /* Base */ = {isa = PBXFileReference; lastKnownFileType = file.storyboard; name = Base; path = Base.lproj/LaunchScreen.storyboard; sourceTree = "<group>"; };
		C6BA5EBB29798E9700C25470 /* Info.plist */ = {isa = PBXFileReference; lastKnownFileType = text.plist.xml; path = Info.plist; sourceTree = "<group>"; };
		C6BA5EC52979ACC500C25470 /* ExploreViewController.swift */ = {isa = PBXFileReference; lastKnownFileType = sourcecode.swift; path = ExploreViewController.swift; sourceTree = "<group>"; };
		C6BA5EC72979AD0400C25470 /* FavoritesViewController.swift */ = {isa = PBXFileReference; lastKnownFileType = sourcecode.swift; path = FavoritesViewController.swift; sourceTree = "<group>"; };
		C6BA5ECA2979AD6A00C25470 /* CellForExploreImage.swift */ = {isa = PBXFileReference; lastKnownFileType = sourcecode.swift; path = CellForExploreImage.swift; sourceTree = "<group>"; };
		C6BA5ECD2979AF2400C25470 /* NetworkManager.swift */ = {isa = PBXFileReference; lastKnownFileType = sourcecode.swift; path = NetworkManager.swift; sourceTree = "<group>"; };
		C6BA5ECF2979AF5C00C25470 /* NetworkEndpoints.swift */ = {isa = PBXFileReference; lastKnownFileType = sourcecode.swift; path = NetworkEndpoints.swift; sourceTree = "<group>"; };
		C6BA5ED12979AF6B00C25470 /* NetworkErrorTypes.swift */ = {isa = PBXFileReference; lastKnownFileType = sourcecode.swift; path = NetworkErrorTypes.swift; sourceTree = "<group>"; };
		C6BA5ED3297AD90600C25470 /* UnsplashModel.swift */ = {isa = PBXFileReference; lastKnownFileType = sourcecode.swift; path = UnsplashModel.swift; sourceTree = "<group>"; };
		C6BA5ED5297ADE3200C25470 /* UserModel.swift */ = {isa = PBXFileReference; lastKnownFileType = sourcecode.swift; path = UserModel.swift; sourceTree = "<group>"; };
		C6BA5ED7297AE04800C25470 /* LocationModel.swift */ = {isa = PBXFileReference; lastKnownFileType = sourcecode.swift; path = LocationModel.swift; sourceTree = "<group>"; };
		C6BA5ED9297AFD2F00C25470 /* DetailImageViewController.swift */ = {isa = PBXFileReference; lastKnownFileType = sourcecode.swift; path = DetailImageViewController.swift; sourceTree = "<group>"; };
		C6BA5EDB297BD77500C25470 /* ImageURLs.swift */ = {isa = PBXFileReference; lastKnownFileType = sourcecode.swift; path = ImageURLs.swift; sourceTree = "<group>"; };
		C6BA5EDD297BEBB900C25470 /* ProfileImageModel.swift */ = {isa = PBXFileReference; lastKnownFileType = sourcecode.swift; path = ProfileImageModel.swift; sourceTree = "<group>"; };
		C6BA5EDF297C4A6200C25470 /* CellForFavoritesViewController.swift */ = {isa = PBXFileReference; lastKnownFileType = sourcecode.swift; path = CellForFavoritesViewController.swift; sourceTree = "<group>"; };
		C6F338DB297EC207001E93F3 /* PresentPhotoModel.swift */ = {isa = PBXFileReference; lastKnownFileType = sourcecode.swift; path = PresentPhotoModel.swift; sourceTree = "<group>"; };
/* End PBXFileReference section */

/* Begin PBXFrameworksBuildPhase section */
		C6BA5EA729798E9600C25470 /* Frameworks */ = {
			isa = PBXFrameworksBuildPhase;
			buildActionMask = 2147483647;
			files = (
				66DA71B7F8F2033AEF325A7D /* Pods_UnsplashAppCopy.framework in Frameworks */,
			);
			runOnlyForDeploymentPostprocessing = 0;
		};
/* End PBXFrameworksBuildPhase section */

/* Begin PBXGroup section */
		81CF6072E36C3CA5001DE333 /* Pods */ = {
			isa = PBXGroup;
			children = (
				2F7B319F383592AF77598EE0 /* Pods-UnsplashAppCopy.debug.xcconfig */,
				2348B28E8EB8310871C35E2E /* Pods-UnsplashAppCopy.release.xcconfig */,
			);
			path = Pods;
			sourceTree = "<group>";
		};
		8EB7C404297C16D6003BE4BF /* Managers */ = {
			isa = PBXGroup;
			children = (
				8EB7C405297C16EC003BE4BF /* PhotoGalleryManager.swift */,
			);
			path = Managers;
			sourceTree = "<group>";
		};
		921608206186796F10CCC441 /* Frameworks */ = {
			isa = PBXGroup;
			children = (
				2E5071059BA15C3DAE07D935 /* Pods_UnsplashAppCopy.framework */,
			);
			name = Frameworks;
			sourceTree = "<group>";
		};
		C6BA5EA129798E9600C25470 = {
			isa = PBXGroup;
			children = (
				C6BA5EAC29798E9600C25470 /* UnsplashAppCopy */,
				C6BA5EAB29798E9600C25470 /* Products */,
				81CF6072E36C3CA5001DE333 /* Pods */,
				921608206186796F10CCC441 /* Frameworks */,
			);
			sourceTree = "<group>";
		};
		C6BA5EAB29798E9600C25470 /* Products */ = {
			isa = PBXGroup;
			children = (
				C6BA5EAA29798E9600C25470 /* UnsplashAppCopy.app */,
			);
			name = Products;
			sourceTree = "<group>";
		};
		C6BA5EAC29798E9600C25470 /* UnsplashAppCopy */ = {
			isa = PBXGroup;
			children = (
				C6BA5EC12979A7C300C25470 /* Application */,
				C6BA5EC22979A7E300C25470 /* Models */,
				C6BA5ECC2979AEDA00C25470 /* Network */,
				8EB7C404297C16D6003BE4BF /* Managers */,
				C6BA5EC32979A83D00C25470 /* Controllers */,
				C6BA5EC42979A8D100C25470 /* Resources */,
				C6BA5EBB29798E9700C25470 /* Info.plist */,
			);
			path = UnsplashAppCopy;
			sourceTree = "<group>";
		};
		C6BA5EC12979A7C300C25470 /* Application */ = {
			isa = PBXGroup;
			children = (
				C6BA5EAD29798E9600C25470 /* AppDelegate.swift */,
				C6BA5EAF29798E9600C25470 /* SceneDelegate.swift */,
			);
			path = Application;
			sourceTree = "<group>";
		};
		C6BA5EC22979A7E300C25470 /* Models */ = {
			isa = PBXGroup;
			children = (
				C6BA5ED3297AD90600C25470 /* UnsplashModel.swift */,
				C6BA5ED5297ADE3200C25470 /* UserModel.swift */,
				C6BA5ED7297AE04800C25470 /* LocationModel.swift */,
				C6BA5EDB297BD77500C25470 /* ImageURLs.swift */,
				C6BA5EDD297BEBB900C25470 /* ProfileImageModel.swift */,
				C6F338DB297EC207001E93F3 /* PresentPhotoModel.swift */,
			);
			path = Models;
			sourceTree = "<group>";
		};
		C6BA5EC32979A83D00C25470 /* Controllers */ = {
			isa = PBXGroup;
			children = (
				C6BA5EC92979AD1E00C25470 /* Cells */,
				C6BA5EB129798E9600C25470 /* TabBarController.swift */,
				C6BA5EC52979ACC500C25470 /* ExploreViewController.swift */,
				C6BA5EC72979AD0400C25470 /* FavoritesViewController.swift */,
				C6BA5ED9297AFD2F00C25470 /* DetailImageViewController.swift */,
			);
			path = Controllers;
			sourceTree = "<group>";
		};
		C6BA5EC42979A8D100C25470 /* Resources */ = {
			isa = PBXGroup;
			children = (
				C6BA5EB629798E9700C25470 /* Assets.xcassets */,
				C6BA5EB829798E9700C25470 /* LaunchScreen.storyboard */,
			);
			path = Resources;
			sourceTree = "<group>";
		};
		C6BA5EC92979AD1E00C25470 /* Cells */ = {
			isa = PBXGroup;
			children = (
				C6BA5ECA2979AD6A00C25470 /* CellForExploreImage.swift */,
				C6BA5EDF297C4A6200C25470 /* CellForFavoritesViewController.swift */,
			);
			path = Cells;
			sourceTree = "<group>";
		};
		C6BA5ECC2979AEDA00C25470 /* Network */ = {
			isa = PBXGroup;
			children = (
				C6BA5ECD2979AF2400C25470 /* NetworkManager.swift */,
				C6BA5ECF2979AF5C00C25470 /* NetworkEndpoints.swift */,
				C6BA5ED12979AF6B00C25470 /* NetworkErrorTypes.swift */,
			);
			path = Network;
			sourceTree = "<group>";
		};
/* End PBXGroup section */

/* Begin PBXNativeTarget section */
		C6BA5EA929798E9600C25470 /* UnsplashAppCopy */ = {
			isa = PBXNativeTarget;
			buildConfigurationList = C6BA5EBE29798E9700C25470 /* Build configuration list for PBXNativeTarget "UnsplashAppCopy" */;
			buildPhases = (
				53BA5C7D96742B747DBBDD82 /* [CP] Check Pods Manifest.lock */,
				C6BA5EA629798E9600C25470 /* Sources */,
				C6BA5EA729798E9600C25470 /* Frameworks */,
				C6BA5EA829798E9600C25470 /* Resources */,
				37EDD27198624EFC4ED9FC0D /* [CP] Embed Pods Frameworks */,
			);
			buildRules = (
			);
			dependencies = (
			);
			name = UnsplashAppCopy;
			productName = UnsplashAppCopy;
			productReference = C6BA5EAA29798E9600C25470 /* UnsplashAppCopy.app */;
			productType = "com.apple.product-type.application";
		};
/* End PBXNativeTarget section */

/* Begin PBXProject section */
		C6BA5EA229798E9600C25470 /* Project object */ = {
			isa = PBXProject;
			attributes = {
				BuildIndependentTargetsInParallel = 1;
				LastSwiftUpdateCheck = 1420;
				LastUpgradeCheck = 1420;
				TargetAttributes = {
					C6BA5EA929798E9600C25470 = {
						CreatedOnToolsVersion = 14.2;
					};
				};
			};
			buildConfigurationList = C6BA5EA529798E9600C25470 /* Build configuration list for PBXProject "UnsplashAppCopy" */;
			compatibilityVersion = "Xcode 14.0";
			developmentRegion = en;
			hasScannedForEncodings = 0;
			knownRegions = (
				en,
				Base,
			);
			mainGroup = C6BA5EA129798E9600C25470;
			productRefGroup = C6BA5EAB29798E9600C25470 /* Products */;
			projectDirPath = "";
			projectRoot = "";
			targets = (
				C6BA5EA929798E9600C25470 /* UnsplashAppCopy */,
			);
		};
/* End PBXProject section */

/* Begin PBXResourcesBuildPhase section */
		C6BA5EA829798E9600C25470 /* Resources */ = {
			isa = PBXResourcesBuildPhase;
			buildActionMask = 2147483647;
			files = (
				C6BA5EBA29798E9700C25470 /* LaunchScreen.storyboard in Resources */,
				C6BA5EB729798E9700C25470 /* Assets.xcassets in Resources */,
			);
			runOnlyForDeploymentPostprocessing = 0;
		};
/* End PBXResourcesBuildPhase section */

/* Begin PBXShellScriptBuildPhase section */
		37EDD27198624EFC4ED9FC0D /* [CP] Embed Pods Frameworks */ = {
			isa = PBXShellScriptBuildPhase;
			buildActionMask = 2147483647;
			files = (
			);
			inputFileListPaths = (
				"${PODS_ROOT}/Target Support Files/Pods-UnsplashAppCopy/Pods-UnsplashAppCopy-frameworks-${CONFIGURATION}-input-files.xcfilelist",
			);
			name = "[CP] Embed Pods Frameworks";
			outputFileListPaths = (
				"${PODS_ROOT}/Target Support Files/Pods-UnsplashAppCopy/Pods-UnsplashAppCopy-frameworks-${CONFIGURATION}-output-files.xcfilelist",
			);
			runOnlyForDeploymentPostprocessing = 0;
			shellPath = /bin/sh;
			shellScript = "\"${PODS_ROOT}/Target Support Files/Pods-UnsplashAppCopy/Pods-UnsplashAppCopy-frameworks.sh\"\n";
			showEnvVarsInLog = 0;
		};
		53BA5C7D96742B747DBBDD82 /* [CP] Check Pods Manifest.lock */ = {
			isa = PBXShellScriptBuildPhase;
			buildActionMask = 2147483647;
			files = (
			);
			inputFileListPaths = (
			);
			inputPaths = (
				"${PODS_PODFILE_DIR_PATH}/Podfile.lock",
				"${PODS_ROOT}/Manifest.lock",
			);
			name = "[CP] Check Pods Manifest.lock";
			outputFileListPaths = (
			);
			outputPaths = (
				"$(DERIVED_FILE_DIR)/Pods-UnsplashAppCopy-checkManifestLockResult.txt",
			);
			runOnlyForDeploymentPostprocessing = 0;
			shellPath = /bin/sh;
			shellScript = "diff \"${PODS_PODFILE_DIR_PATH}/Podfile.lock\" \"${PODS_ROOT}/Manifest.lock\" > /dev/null\nif [ $? != 0 ] ; then\n    # print error to STDERR\n    echo \"error: The sandbox is not in sync with the Podfile.lock. Run 'pod install' or update your CocoaPods installation.\" >&2\n    exit 1\nfi\n# This output is used by Xcode 'outputs' to avoid re-running this script phase.\necho \"SUCCESS\" > \"${SCRIPT_OUTPUT_FILE_0}\"\n";
			showEnvVarsInLog = 0;
		};
/* End PBXShellScriptBuildPhase section */

/* Begin PBXSourcesBuildPhase section */
		C6BA5EA629798E9600C25470 /* Sources */ = {
			isa = PBXSourcesBuildPhase;
			buildActionMask = 2147483647;
			files = (
				C6BA5EC62979ACC500C25470 /* ExploreViewController.swift in Sources */,
				C6BA5ED4297AD90600C25470 /* UnsplashModel.swift in Sources */,
				C6BA5ED22979AF6B00C25470 /* NetworkErrorTypes.swift in Sources */,
				C6BA5EB229798E9600C25470 /* TabBarController.swift in Sources */,
				C6F338DC297EC207001E93F3 /* PresentPhotoModel.swift in Sources */,
				C6BA5EE0297C4A6200C25470 /* CellForFavoritesViewController.swift in Sources */,
				C6BA5ED8297AE04800C25470 /* LocationModel.swift in Sources */,
				C6BA5EAE29798E9600C25470 /* AppDelegate.swift in Sources */,
				C6BA5ECE2979AF2400C25470 /* NetworkManager.swift in Sources */,
				C6BA5EC82979AD0400C25470 /* FavoritesViewController.swift in Sources */,
				C6BA5EDA297AFD2F00C25470 /* DetailImageViewController.swift in Sources */,
				8EB7C406297C16EC003BE4BF /* PhotoGalleryManager.swift in Sources */,
				C6BA5EB029798E9600C25470 /* SceneDelegate.swift in Sources */,
				C6BA5ECB2979AD6A00C25470 /* CellForExploreImage.swift in Sources */,
				C6BA5ED02979AF5C00C25470 /* NetworkEndpoints.swift in Sources */,
				C6BA5ED6297ADE3200C25470 /* UserModel.swift in Sources */,
				C6BA5EDC297BD77500C25470 /* ImageURLs.swift in Sources */,
				C6BA5EDE297BEBB900C25470 /* ProfileImageModel.swift in Sources */,
			);
			runOnlyForDeploymentPostprocessing = 0;
		};
/* End PBXSourcesBuildPhase section */

/* Begin PBXVariantGroup section */
		C6BA5EB829798E9700C25470 /* LaunchScreen.storyboard */ = {
			isa = PBXVariantGroup;
			children = (
				C6BA5EB929798E9700C25470 /* Base */,
			);
			name = LaunchScreen.storyboard;
			sourceTree = "<group>";
		};
/* End PBXVariantGroup section */

/* Begin XCBuildConfiguration section */
		C6BA5EBC29798E9700C25470 /* Debug */ = {
			isa = XCBuildConfiguration;
			buildSettings = {
				ALWAYS_SEARCH_USER_PATHS = NO;
				CLANG_ANALYZER_NONNULL = YES;
				CLANG_ANALYZER_NUMBER_OBJECT_CONVERSION = YES_AGGRESSIVE;
				CLANG_CXX_LANGUAGE_STANDARD = "gnu++20";
				CLANG_ENABLE_MODULES = YES;
				CLANG_ENABLE_OBJC_ARC = YES;
				CLANG_ENABLE_OBJC_WEAK = YES;
				CLANG_WARN_BLOCK_CAPTURE_AUTORELEASING = YES;
				CLANG_WARN_BOOL_CONVERSION = YES;
				CLANG_WARN_COMMA = YES;
				CLANG_WARN_CONSTANT_CONVERSION = YES;
				CLANG_WARN_DEPRECATED_OBJC_IMPLEMENTATIONS = YES;
				CLANG_WARN_DIRECT_OBJC_ISA_USAGE = YES_ERROR;
				CLANG_WARN_DOCUMENTATION_COMMENTS = YES;
				CLANG_WARN_EMPTY_BODY = YES;
				CLANG_WARN_ENUM_CONVERSION = YES;
				CLANG_WARN_INFINITE_RECURSION = YES;
				CLANG_WARN_INT_CONVERSION = YES;
				CLANG_WARN_NON_LITERAL_NULL_CONVERSION = YES;
				CLANG_WARN_OBJC_IMPLICIT_RETAIN_SELF = YES;
				CLANG_WARN_OBJC_LITERAL_CONVERSION = YES;
				CLANG_WARN_OBJC_ROOT_CLASS = YES_ERROR;
				CLANG_WARN_QUOTED_INCLUDE_IN_FRAMEWORK_HEADER = YES;
				CLANG_WARN_RANGE_LOOP_ANALYSIS = YES;
				CLANG_WARN_STRICT_PROTOTYPES = YES;
				CLANG_WARN_SUSPICIOUS_MOVE = YES;
				CLANG_WARN_UNGUARDED_AVAILABILITY = YES_AGGRESSIVE;
				CLANG_WARN_UNREACHABLE_CODE = YES;
				CLANG_WARN__DUPLICATE_METHOD_MATCH = YES;
				COPY_PHASE_STRIP = NO;
				DEBUG_INFORMATION_FORMAT = dwarf;
				ENABLE_STRICT_OBJC_MSGSEND = YES;
				ENABLE_TESTABILITY = YES;
				GCC_C_LANGUAGE_STANDARD = gnu11;
				GCC_DYNAMIC_NO_PIC = NO;
				GCC_NO_COMMON_BLOCKS = YES;
				GCC_OPTIMIZATION_LEVEL = 0;
				GCC_PREPROCESSOR_DEFINITIONS = (
					"DEBUG=1",
					"$(inherited)",
				);
				GCC_WARN_64_TO_32_BIT_CONVERSION = YES;
				GCC_WARN_ABOUT_RETURN_TYPE = YES_ERROR;
				GCC_WARN_UNDECLARED_SELECTOR = YES;
				GCC_WARN_UNINITIALIZED_AUTOS = YES_AGGRESSIVE;
				GCC_WARN_UNUSED_FUNCTION = YES;
				GCC_WARN_UNUSED_VARIABLE = YES;
				IPHONEOS_DEPLOYMENT_TARGET = 16.2;
				MTL_ENABLE_DEBUG_INFO = INCLUDE_SOURCE;
				MTL_FAST_MATH = YES;
				ONLY_ACTIVE_ARCH = YES;
				SDKROOT = iphoneos;
				SWIFT_ACTIVE_COMPILATION_CONDITIONS = DEBUG;
				SWIFT_OPTIMIZATION_LEVEL = "-Onone";
			};
			name = Debug;
		};
		C6BA5EBD29798E9700C25470 /* Release */ = {
			isa = XCBuildConfiguration;
			buildSettings = {
				ALWAYS_SEARCH_USER_PATHS = NO;
				CLANG_ANALYZER_NONNULL = YES;
				CLANG_ANALYZER_NUMBER_OBJECT_CONVERSION = YES_AGGRESSIVE;
				CLANG_CXX_LANGUAGE_STANDARD = "gnu++20";
				CLANG_ENABLE_MODULES = YES;
				CLANG_ENABLE_OBJC_ARC = YES;
				CLANG_ENABLE_OBJC_WEAK = YES;
				CLANG_WARN_BLOCK_CAPTURE_AUTORELEASING = YES;
				CLANG_WARN_BOOL_CONVERSION = YES;
				CLANG_WARN_COMMA = YES;
				CLANG_WARN_CONSTANT_CONVERSION = YES;
				CLANG_WARN_DEPRECATED_OBJC_IMPLEMENTATIONS = YES;
				CLANG_WARN_DIRECT_OBJC_ISA_USAGE = YES_ERROR;
				CLANG_WARN_DOCUMENTATION_COMMENTS = YES;
				CLANG_WARN_EMPTY_BODY = YES;
				CLANG_WARN_ENUM_CONVERSION = YES;
				CLANG_WARN_INFINITE_RECURSION = YES;
				CLANG_WARN_INT_CONVERSION = YES;
				CLANG_WARN_NON_LITERAL_NULL_CONVERSION = YES;
				CLANG_WARN_OBJC_IMPLICIT_RETAIN_SELF = YES;
				CLANG_WARN_OBJC_LITERAL_CONVERSION = YES;
				CLANG_WARN_OBJC_ROOT_CLASS = YES_ERROR;
				CLANG_WARN_QUOTED_INCLUDE_IN_FRAMEWORK_HEADER = YES;
				CLANG_WARN_RANGE_LOOP_ANALYSIS = YES;
				CLANG_WARN_STRICT_PROTOTYPES = YES;
				CLANG_WARN_SUSPICIOUS_MOVE = YES;
				CLANG_WARN_UNGUARDED_AVAILABILITY = YES_AGGRESSIVE;
				CLANG_WARN_UNREACHABLE_CODE = YES;
				CLANG_WARN__DUPLICATE_METHOD_MATCH = YES;
				COPY_PHASE_STRIP = NO;
				DEBUG_INFORMATION_FORMAT = "dwarf-with-dsym";
				ENABLE_NS_ASSERTIONS = NO;
				ENABLE_STRICT_OBJC_MSGSEND = YES;
				GCC_C_LANGUAGE_STANDARD = gnu11;
				GCC_NO_COMMON_BLOCKS = YES;
				GCC_WARN_64_TO_32_BIT_CONVERSION = YES;
				GCC_WARN_ABOUT_RETURN_TYPE = YES_ERROR;
				GCC_WARN_UNDECLARED_SELECTOR = YES;
				GCC_WARN_UNINITIALIZED_AUTOS = YES_AGGRESSIVE;
				GCC_WARN_UNUSED_FUNCTION = YES;
				GCC_WARN_UNUSED_VARIABLE = YES;
				IPHONEOS_DEPLOYMENT_TARGET = 16.2;
				MTL_ENABLE_DEBUG_INFO = NO;
				MTL_FAST_MATH = YES;
				SDKROOT = iphoneos;
				SWIFT_COMPILATION_MODE = wholemodule;
				SWIFT_OPTIMIZATION_LEVEL = "-O";
				VALIDATE_PRODUCT = YES;
			};
			name = Release;
		};
		C6BA5EBF29798E9700C25470 /* Debug */ = {
			isa = XCBuildConfiguration;
			baseConfigurationReference = 2F7B319F383592AF77598EE0 /* Pods-UnsplashAppCopy.debug.xcconfig */;
			buildSettings = {
				ASSETCATALOG_COMPILER_APPICON_NAME = AppIcon;
				ASSETCATALOG_COMPILER_GLOBAL_ACCENT_COLOR_NAME = AccentColor;
				CODE_SIGN_STYLE = Automatic;
				CURRENT_PROJECT_VERSION = 1;
				GENERATE_INFOPLIST_FILE = YES;
				INFOPLIST_FILE = UnsplashAppCopy/Info.plist;
				INFOPLIST_KEY_UIApplicationSupportsIndirectInputEvents = YES;
				INFOPLIST_KEY_UILaunchStoryboardName = LaunchScreen;
				INFOPLIST_KEY_UISupportedInterfaceOrientations_iPad = "UIInterfaceOrientationPortrait UIInterfaceOrientationPortraitUpsideDown UIInterfaceOrientationLandscapeLeft UIInterfaceOrientationLandscapeRight";
				INFOPLIST_KEY_UISupportedInterfaceOrientations_iPhone = "UIInterfaceOrientationPortrait UIInterfaceOrientationLandscapeLeft UIInterfaceOrientationLandscapeRight";
				LD_RUNPATH_SEARCH_PATHS = (
					"$(inherited)",
					"@executable_path/Frameworks",
				);
				MARKETING_VERSION = 1.0;
				PRODUCT_BUNDLE_IDENTIFIER = com.yakendi.UnsplashAppCopy;
				PRODUCT_NAME = "$(TARGET_NAME)";
				SWIFT_EMIT_LOC_STRINGS = YES;
				SWIFT_VERSION = 5.0;
				TARGETED_DEVICE_FAMILY = "1,2";
			};
			name = Debug;
		};
		C6BA5EC029798E9700C25470 /* Release */ = {
			isa = XCBuildConfiguration;
			baseConfigurationReference = 2348B28E8EB8310871C35E2E /* Pods-UnsplashAppCopy.release.xcconfig */;
			buildSettings = {
				ASSETCATALOG_COMPILER_APPICON_NAME = AppIcon;
				ASSETCATALOG_COMPILER_GLOBAL_ACCENT_COLOR_NAME = AccentColor;
				CODE_SIGN_STYLE = Automatic;
				CURRENT_PROJECT_VERSION = 1;
				GENERATE_INFOPLIST_FILE = YES;
				INFOPLIST_FILE = UnsplashAppCopy/Info.plist;
				INFOPLIST_KEY_UIApplicationSupportsIndirectInputEvents = YES;
				INFOPLIST_KEY_UILaunchStoryboardName = LaunchScreen;
				INFOPLIST_KEY_UISupportedInterfaceOrientations_iPad = "UIInterfaceOrientationPortrait UIInterfaceOrientationPortraitUpsideDown UIInterfaceOrientationLandscapeLeft UIInterfaceOrientationLandscapeRight";
				INFOPLIST_KEY_UISupportedInterfaceOrientations_iPhone = "UIInterfaceOrientationPortrait UIInterfaceOrientationLandscapeLeft UIInterfaceOrientationLandscapeRight";
				LD_RUNPATH_SEARCH_PATHS = (
					"$(inherited)",
					"@executable_path/Frameworks",
				);
				MARKETING_VERSION = 1.0;
				PRODUCT_BUNDLE_IDENTIFIER = com.yakendi.UnsplashAppCopy;
				PRODUCT_NAME = "$(TARGET_NAME)";
				SWIFT_EMIT_LOC_STRINGS = YES;
				SWIFT_VERSION = 5.0;
				TARGETED_DEVICE_FAMILY = "1,2";
			};
			name = Release;
		};
/* End XCBuildConfiguration section */

/* Begin XCConfigurationList section */
		C6BA5EA529798E9600C25470 /* Build configuration list for PBXProject "UnsplashAppCopy" */ = {
			isa = XCConfigurationList;
			buildConfigurations = (
				C6BA5EBC29798E9700C25470 /* Debug */,
				C6BA5EBD29798E9700C25470 /* Release */,
			);
			defaultConfigurationIsVisible = 0;
			defaultConfigurationName = Release;
		};
		C6BA5EBE29798E9700C25470 /* Build configuration list for PBXNativeTarget "UnsplashAppCopy" */ = {
			isa = XCConfigurationList;
			buildConfigurations = (
				C6BA5EBF29798E9700C25470 /* Debug */,
				C6BA5EC029798E9700C25470 /* Release */,
			);
			defaultConfigurationIsVisible = 0;
			defaultConfigurationName = Release;
		};
/* End XCConfigurationList section */
	};
	rootObject = C6BA5EA229798E9600C25470 /* Project object */;
}
